github.com/pgsty/oink v0.3.0 h1:imDoZ/mWMg1w/kHJ+ZjRhi80CTj5e+KQG4v3NKNKjdk=
github.com/pgsty/oink v0.3.0/go.mod h1:wHzQR6qVOx5rgkDCvXBZhmsDrAb3O+0CRNBHyIzsYT0=
github.com/pgsty/oink v0.4.0 h1:5NNLPCkGFX94wJPEFX6r5vOPx1iGdz+Qra3Xu60MqXU=
github.com/pgsty/oink v0.4.0/go.mod h1:wHzQR6qVOx5rgkDCvXBZhmsDrAb3O+0CRNBHyIzsYT0=
